
Microsoft Visual Studio Solution File, Format Version 12.00
# Visual Studio 14
VisualStudioVersion = 14.0.25420.1
MinimumVisualStudioVersion = 10.0.40219.1
Project("{FAE04EC0-301F-11D3-BF4B-00C04F79EFBC}") = "AutomateGenerateCoverage", "AutomateGenerateCoverage\AutomateGenerateCoverage.csproj", "{CA60165D-8902-4C49-9F11-621F9B09EACE}"
EndProject
Project("{FAE04EC0-301F-11D3-BF4B-00C04F79EFBC}") = "AutomateGenerateCoverage.Tests", "AutomateGenerateCoverage.Tests\AutomateGenerateCoverage.Tests.csproj", "{143EA642-1C7D-41F3-AB48-86FB64EB8790}"
EndProject
Project("{FAE04EC0-301F-11D3-BF4B-00C04F79EFBC}") = "AutomateGenerateCoverage.WPF.Client", "AutomateGenerateCoverage.WPF.Client\AutomateGenerateCoverage.WPF.Client.csproj", "{08810FB5-4B3D-4BC5-A5DF-8A90B6E6863A}"
EndProject
Global
	GlobalSection(SolutionConfigurationPlatforms) = preSolution
		Debug|Any CPU = Debug|Any CPU
		Release|Any CPU = Release|Any CPU
	EndGlobalSection
	GlobalSection(ProjectConfigurationPlatforms) = postSolution
		{CA60165D-8902-4C49-9F11-621F9B09EACE}.Debug|Any CPU.ActiveCfg = Debug|Any CPU
		{CA60165D-8902-4C49-9F11-621F9B09EACE}.Debug|Any CPU.Build.0 = Debug|Any CPU
		{CA60165D-8902-4C49-9F11-621F9B09EACE}.Release|Any CPU.ActiveCfg = Release|Any CPU
		{CA60165D-8902-4C49-9F11-621F9B09EACE}.Release|Any CPU.Build.0 = Release|Any CPU
		{143EA642-1C7D-41F3-AB48-86FB64EB8790}.Debug|Any CPU.ActiveCfg = Debug|Any CPU
		{143EA642-1C7D-41F3-AB48-86FB64EB8790}.Debug|Any CPU.Build.0 = Debug|Any CPU
		{143EA642-1C7D-41F3-AB48-86FB64EB8790}.Release|Any CPU.ActiveCfg = Release|Any CPU
		{143EA642-1C7D-41F3-AB48-86FB64EB8790}.Release|Any CPU.Build.0 = Release|Any CPU
		{08810FB5-4B3D-4BC5-A5DF-8A90B6E6863A}.Debug|Any CPU.ActiveCfg = Debug|Any CPU
		{08810FB5-4B3D-4BC5-A5DF-8A90B6E6863A}.Debug|Any CPU.Build.0 = Debug|Any CPU
		{08810FB5-4B3D-4BC5-A5DF-8A90B6E6863A}.Release|Any CPU.ActiveCfg = Release|Any CPU
		{08810FB5-4B3D-4BC5-A5DF-8A90B6E6863A}.Release|Any CPU.Build.0 = Release|Any CPU
	EndGlobalSection
	GlobalSection(SolutionProperties) = preSolution
		HideSolutionNode = FALSE
	EndGlobalSection
EndGlobal
